
Microsoft Visual Studio Solution File, Format Version 12.00
# Visual Studio Version 16
VisualStudioVersion = 16.0.29709.97
MinimumVisualStudioVersion = 10.0.40219.1
Project("{FAE04EC0-301F-11D3-BF4B-00C04F79EFBC}") = "WindowsFormsApp5", "WindowsFormsApp5\WindowsFormsApp5.csproj", "{0660F37A-CBB0-4B21-A379-840C37D1E70B}"
EndProject
Global
	GlobalSection(SolutionConfigurationPlatforms) = preSolution
		Debug|Any CPU = Debug|Any CPU
		Release|Any CPU = Release|Any CPU
	EndGlobalSection
	GlobalSection(ProjectConfigurationPlatforms) = postSolution
		{0660F37A-CBB0-4B21-A379-840C37D1E70B}.Debug|Any CPU.ActiveCfg = Debug|Any CPU
		{0660F37A-CBB0-4B21-A379-840C37D1E70B}.Debug|Any CPU.Build.0 = Debug|Any CPU
		{0660F37A-CBB0-4B21-A379-840C37D1E70B}.Release|Any CPU.ActiveCfg = Release|Any CPU
		{0660F37A-CBB0-4B21-A379-840C37D1E70B}.Release|Any CPU.Build.0 = Release|Any CPU
	EndGlobalSection
	GlobalSection(SolutionProperties) = preSolution
		HideSolutionNode = FALSE
	EndGlobalSection
	GlobalSection(ExtensibilityGlobals) = postSolution
		SolutionGuid = {81295882-9546-4F40-BF5E-B298E73FBA82}
	EndGlobalSection
EndGlobal
